// !$*UTF8*$!
{
	archiveVersion = 1;
	classes = {
	};
	objectVersion = 46;
	objects = {

/* Begin PBXBuildFile section */
		132EC2861C762B9E005F3A2E /* dirt_ground.png in Resources */ = {isa = PBXBuildFile; fileRef = 132EC2851C762B9E005F3A2E /* dirt_ground.png */; };
		1337F5581C733CB6000500A8 /* User.swift in Sources */ = {isa = PBXBuildFile; fileRef = 1337F5571C733CB6000500A8 /* User.swift */; };
		1371E5C21C639AF600B99829 /* AppDelegate.swift in Sources */ = {isa = PBXBuildFile; fileRef = 1371E5C11C639AF600B99829 /* AppDelegate.swift */; };
		1371E5C41C639AF600B99829 /* GameScene.swift in Sources */ = {isa = PBXBuildFile; fileRef = 1371E5C31C639AF600B99829 /* GameScene.swift */; };
		1371E5C61C639AF600B99829 /* GameScene.sks in Resources */ = {isa = PBXBuildFile; fileRef = 1371E5C51C639AF600B99829 /* GameScene.sks */; };
		1371E5C81C639AF600B99829 /* Assets.xcassets in Resources */ = {isa = PBXBuildFile; fileRef = 1371E5C71C639AF600B99829 /* Assets.xcassets */; };
		1371E5CB1C639AF600B99829 /* MainMenu.xib in Resources */ = {isa = PBXBuildFile; fileRef = 1371E5C91C639AF600B99829 /* MainMenu.xib */; };
		1371E5D41C63A36B00B99829 /* bone.png in Resources */ = {isa = PBXBuildFile; fileRef = 1371E5D31C63A36B00B99829 /* bone.png */; };
		1371E5D61C63A4A600B99829 /* pug_down.png in Resources */ = {isa = PBXBuildFile; fileRef = 1371E5D51C63A4A600B99829 /* pug_down.png */; };
		1371E5D81C63A4AF00B99829 /* pug_up.png in Resources */ = {isa = PBXBuildFile; fileRef = 1371E5D71C63A4AF00B99829 /* pug_up.png */; };
		1371E5DA1C63A93800B99829 /* wall.png in Resources */ = {isa = PBXBuildFile; fileRef = 1371E5D91C63A93800B99829 /* wall.png */; };
		137DF6241C6564D6004A20AD /* pug_right.png in Resources */ = {isa = PBXBuildFile; fileRef = 137DF6231C6564D6004A20AD /* pug_right.png */; };
		137DF6261C6564DB004A20AD /* pug_left.png in Resources */ = {isa = PBXBuildFile; fileRef = 137DF6251C6564DB004A20AD /* pug_left.png */; };
		13B759271C67EB8B00799620 /* StartGame.sks in Resources */ = {isa = PBXBuildFile; fileRef = 13B759261C67EB8B00799620 /* StartGame.sks */; };
		13B759291C67EC6400799620 /* StartGame.swift in Sources */ = {isa = PBXBuildFile; fileRef = 13B759281C67EC6400799620 /* StartGame.swift */; };
		13BF869A1C6CDB0D00AC3605 /* trap.png in Resources */ = {isa = PBXBuildFile; fileRef = 13BF86991C6CDB0D00AC3605 /* trap.png */; };
		13CC787F1C76127400C2FE27 /* GameOver.sks in Resources */ = {isa = PBXBuildFile; fileRef = 13CC787E1C76127400C2FE27 /* GameOver.sks */; };
		13CC78841C761A5200C2FE27 /* GameOver.png in Resources */ = {isa = PBXBuildFile; fileRef = 13CC78821C761A5200C2FE27 /* GameOver.png */; };
		13CC78851C761A5200C2FE27 /* pug-life-funny-pictures.jpg in Resources */ = {isa = PBXBuildFile; fileRef = 13CC78831C761A5200C2FE27 /* pug-life-funny-pictures.jpg */; };
		13CC78871C761B8100C2FE27 /* button_play.png in Resources */ = {isa = PBXBuildFile; fileRef = 13CC78861C761B8100C2FE27 /* button_play.png */; };
		13CC78891C761BFD00C2FE27 /* button_quit.png in Resources */ = {isa = PBXBuildFile; fileRef = 13CC78881C761BFD00C2FE27 /* button_quit.png */; };
		13CC788B1C7620A800C2FE27 /* GameOver.swift in Sources */ = {isa = PBXBuildFile; fileRef = 13CC788A1C7620A800C2FE27 /* GameOver.swift */; };
		DD0B24CC1C79F7E800C5293F /* @1x128x128_pug.png in Resources */ = {isa = PBXBuildFile; fileRef = DD0B24C21C79F7E800C5293F /* @1x128x128_pug.png */; };
		DD0B24CD1C79F7E800C5293F /* @2x256x256_pug.png in Resources */ = {isa = PBXBuildFile; fileRef = DD0B24C31C79F7E800C5293F /* @2x256x256_pug.png */; };
		DD0B24CE1C79F7E800C5293F /* @1x512x512_pug.png in Resources */ = {isa = PBXBuildFile; fileRef = DD0B24C41C79F7E800C5293F /* @1x512x512_pug.png */; };
		DD0B24CF1C79F7E800C5293F /* @2x1024x1024_pug.png in Resources */ = {isa = PBXBuildFile; fileRef = DD0B24C51C79F7E800C5293F /* @2x1024x1024_pug.png */; };
		DD0B24D01C79F7E800C5293F /* @1x16x16_pug.png in Resources */ = {isa = PBXBuildFile; fileRef = DD0B24C61C79F7E800C5293F /* @1x16x16_pug.png */; };
		DD0B24D11C79F7E800C5293F /* @1x32x32_pug.png in Resources */ = {isa = PBXBuildFile; fileRef = DD0B24C71C79F7E800C5293F /* @1x32x32_pug.png */; };
		DD0B24D21C79F7E800C5293F /* @1x256x256_pug.png in Resources */ = {isa = PBXBuildFile; fileRef = DD0B24C81C79F7E800C5293F /* @1x256x256_pug.png */; };
		DD0B24D31C79F7E800C5293F /* @2x32x32_pug.png in Resources */ = {isa = PBXBuildFile; fileRef = DD0B24C91C79F7E800C5293F /* @2x32x32_pug.png */; };
		DD0B24D41C79F7E800C5293F /* @2x64x64_pug.png in Resources */ = {isa = PBXBuildFile; fileRef = DD0B24CA1C79F7E800C5293F /* @2x64x64_pug.png */; };
		DD0B24D51C79F7E800C5293F /* @2x512x512_pug.png in Resources */ = {isa = PBXBuildFile; fileRef = DD0B24CB1C79F7E800C5293F /* @2x512x512_pug.png */; };
		DD89B9861C79BE3D00A208AE /* GameSong.mp3 in Resources */ = {isa = PBXBuildFile; fileRef = DD89B9821C79BE3D00A208AE /* GameSong.mp3 */; };
		DD89B9871C79BE3D00A208AE /* Dog Howling At Moon.mp3 in Resources */ = {isa = PBXBuildFile; fileRef = DD89B9831C79BE3D00A208AE /* Dog Howling At Moon.mp3 */; };
		DD89B9881C79BE3D00A208AE /* Dog Woof.mp3 in Resources */ = {isa = PBXBuildFile; fileRef = DD89B9841C79BE3D00A208AE /* Dog Woof.mp3 */; };
		DD89B9891C79BE3D00A208AE /* Dog Whine.mp3 in Resources */ = {isa = PBXBuildFile; fileRef = DD89B9851C79BE3D00A208AE /* Dog Whine.mp3 */; };
		DD89B98D1C79C2B600A208AE /* Enemy.swift in Sources */ = {isa = PBXBuildFile; fileRef = DD89B98C1C79C2B600A208AE /* Enemy.swift */; };
		DD89B98F1C79D2C100A208AE /* Wall.swift in Sources */ = {isa = PBXBuildFile; fileRef = DD89B98E1C79D2C100A208AE /* Wall.swift */; };
		DD89B9931C79D5DF00A208AE /* Food.swift in Sources */ = {isa = PBXBuildFile; fileRef = DD89B9921C79D5DF00A208AE /* Food.swift */; };
/* End PBXBuildFile section */

/* Begin PBXFileReference section */
		132EC2851C762B9E005F3A2E /* dirt_ground.png */ = {isa = PBXFileReference; lastKnownFileType = image.png; path = dirt_ground.png; sourceTree = "<group>"; };
		1337F5571C733CB6000500A8 /* User.swift */ = {isa = PBXFileReference; fileEncoding = 4; lastKnownFileType = sourcecode.swift; path = User.swift; sourceTree = "<group>"; usesTabs = 0; };
		1371E5BE1C639AF600B99829 /* foody.app */ = {isa = PBXFileReference; explicitFileType = wrapper.application; includeInIndex = 0; path = foody.app; sourceTree = BUILT_PRODUCTS_DIR; };
		1371E5C11C639AF600B99829 /* AppDelegate.swift */ = {isa = PBXFileReference; lastKnownFileType = sourcecode.swift; path = AppDelegate.swift; sourceTree = "<group>"; };
		1371E5C31C639AF600B99829 /* GameScene.swift */ = {isa = PBXFileReference; lastKnownFileType = sourcecode.swift; path = GameScene.swift; sourceTree = "<group>"; };
		1371E5C51C639AF600B99829 /* GameScene.sks */ = {isa = PBXFileReference; lastKnownFileType = file.sks; path = GameScene.sks; sourceTree = "<group>"; };
		1371E5C71C639AF600B99829 /* Assets.xcassets */ = {isa = PBXFileReference; lastKnownFileType = folder.assetcatalog; path = Assets.xcassets; sourceTree = "<group>"; };
		1371E5CA1C639AF600B99829 /* Base */ = {isa = PBXFileReference; lastKnownFileType = file.xib; name = Base; path = Base.lproj/MainMenu.xib; sourceTree = "<group>"; };
		1371E5CC1C639AF600B99829 /* Info.plist */ = {isa = PBXFileReference; lastKnownFileType = text.plist.xml; path = Info.plist; sourceTree = "<group>"; };
		1371E5D31C63A36B00B99829 /* bone.png */ = {isa = PBXFileReference; lastKnownFileType = image.png; path = bone.png; sourceTree = "<group>"; };
		1371E5D51C63A4A600B99829 /* pug_down.png */ = {isa = PBXFileReference; lastKnownFileType = image.png; path = pug_down.png; sourceTree = "<group>"; };
		1371E5D71C63A4AF00B99829 /* pug_up.png */ = {isa = PBXFileReference; lastKnownFileType = image.png; path = pug_up.png; sourceTree = "<group>"; };
		1371E5D91C63A93800B99829 /* wall.png */ = {isa = PBXFileReference; lastKnownFileType = image.png; path = wall.png; sourceTree = "<group>"; };
		137DF6231C6564D6004A20AD /* pug_right.png */ = {isa = PBXFileReference; lastKnownFileType = image.png; path = pug_right.png; sourceTree = "<group>"; };
		137DF6251C6564DB004A20AD /* pug_left.png */ = {isa = PBXFileReference; lastKnownFileType = image.png; path = pug_left.png; sourceTree = "<group>"; };
		13B759261C67EB8B00799620 /* StartGame.sks */ = {isa = PBXFileReference; lastKnownFileType = file.sks; path = StartGame.sks; sourceTree = "<group>"; };
		13B759281C67EC6400799620 /* StartGame.swift */ = {isa = PBXFileReference; fileEncoding = 4; lastKnownFileType = sourcecode.swift; path = StartGame.swift; sourceTree = "<group>"; };
		13BF86991C6CDB0D00AC3605 /* trap.png */ = {isa = PBXFileReference; lastKnownFileType = image.png; path = trap.png; sourceTree = "<group>"; };
		13CC787E1C76127400C2FE27 /* GameOver.sks */ = {isa = PBXFileReference; lastKnownFileType = file.sks; path = GameOver.sks; sourceTree = "<group>"; };
		13CC78821C761A5200C2FE27 /* GameOver.png */ = {isa = PBXFileReference; lastKnownFileType = image.png; path = GameOver.png; sourceTree = "<group>"; };
		13CC78831C761A5200C2FE27 /* pug-life-funny-pictures.jpg */ = {isa = PBXFileReference; lastKnownFileType = image.jpeg; path = "pug-life-funny-pictures.jpg"; sourceTree = "<group>"; };
		13CC78861C761B8100C2FE27 /* button_play.png */ = {isa = PBXFileReference; lastKnownFileType = image.png; path = button_play.png; sourceTree = "<group>"; };
		13CC78881C761BFD00C2FE27 /* button_quit.png */ = {isa = PBXFileReference; lastKnownFileType = image.png; path = button_quit.png; sourceTree = "<group>"; };
		13CC788A1C7620A800C2FE27 /* GameOver.swift */ = {isa = PBXFileReference; fileEncoding = 4; lastKnownFileType = sourcecode.swift; path = GameOver.swift; sourceTree = "<group>"; };
		DD0B24C21C79F7E800C5293F /* @1x128x128_pug.png */ = {isa = PBXFileReference; lastKnownFileType = image.png; path = "@1x128x128_pug.png"; sourceTree = "<group>"; };
		DD0B24C31C79F7E800C5293F /* @2x256x256_pug.png */ = {isa = PBXFileReference; lastKnownFileType = image.png; path = "@2x256x256_pug.png"; sourceTree = "<group>"; };
		DD0B24C41C79F7E800C5293F /* @1x512x512_pug.png */ = {isa = PBXFileReference; lastKnownFileType = image.png; path = "@1x512x512_pug.png"; sourceTree = "<group>"; };
		DD0B24C51C79F7E800C5293F /* @2x1024x1024_pug.png */ = {isa = PBXFileReference; lastKnownFileType = image.png; path = "@2x1024x1024_pug.png"; sourceTree = "<group>"; };
		DD0B24C61C79F7E800C5293F /* @1x16x16_pug.png */ = {isa = PBXFileReference; lastKnownFileType = image.png; path = "@1x16x16_pug.png"; sourceTree = "<group>"; };
		DD0B24C71C79F7E800C5293F /* @1x32x32_pug.png */ = {isa = PBXFileReference; lastKnownFileType = image.png; path = "@1x32x32_pug.png"; sourceTree = "<group>"; };
		DD0B24C81C79F7E800C5293F /* @1x256x256_pug.png */ = {isa = PBXFileReference; lastKnownFileType = image.png; path = "@1x256x256_pug.png"; sourceTree = "<group>"; };
		DD0B24C91C79F7E800C5293F /* @2x32x32_pug.png */ = {isa = PBXFileReference; lastKnownFileType = image.png; path = "@2x32x32_pug.png"; sourceTree = "<group>"; };
		DD0B24CA1C79F7E800C5293F /* @2x64x64_pug.png */ = {isa = PBXFileReference; lastKnownFileType = image.png; path = "@2x64x64_pug.png"; sourceTree = "<group>"; };
		DD0B24CB1C79F7E800C5293F /* @2x512x512_pug.png */ = {isa = PBXFileReference; lastKnownFileType = image.png; path = "@2x512x512_pug.png"; sourceTree = "<group>"; };
		DD89B9821C79BE3D00A208AE /* GameSong.mp3 */ = {isa = PBXFileReference; lastKnownFileType = audio.mp3; path = GameSong.mp3; sourceTree = "<group>"; };
		DD89B9831C79BE3D00A208AE /* Dog Howling At Moon.mp3 */ = {isa = PBXFileReference; lastKnownFileType = audio.mp3; path = "Dog Howling At Moon.mp3"; sourceTree = "<group>"; };
		DD89B9841C79BE3D00A208AE /* Dog Woof.mp3 */ = {isa = PBXFileReference; lastKnownFileType = audio.mp3; path = "Dog Woof.mp3"; sourceTree = "<group>"; };
		DD89B9851C79BE3D00A208AE /* Dog Whine.mp3 */ = {isa = PBXFileReference; lastKnownFileType = audio.mp3; path = "Dog Whine.mp3"; sourceTree = "<group>"; };
		DD89B98C1C79C2B600A208AE /* Enemy.swift */ = {isa = PBXFileReference; fileEncoding = 4; lastKnownFileType = sourcecode.swift; path = Enemy.swift; sourceTree = "<group>"; };
		DD89B98E1C79D2C100A208AE /* Wall.swift */ = {isa = PBXFileReference; fileEncoding = 4; lastKnownFileType = sourcecode.swift; path = Wall.swift; sourceTree = "<group>"; };
		DD89B9921C79D5DF00A208AE /* Food.swift */ = {isa = PBXFileReference; fileEncoding = 4; lastKnownFileType = sourcecode.swift; path = Food.swift; sourceTree = "<group>"; };
/* End PBXFileReference section */

/* Begin PBXFrameworksBuildPhase section */
		1371E5BB1C639AF600B99829 /* Frameworks */ = {
			isa = PBXFrameworksBuildPhase;
			buildActionMask = 2147483647;
			files = (
			);
			runOnlyForDeploymentPostprocessing = 0;
		};
/* End PBXFrameworksBuildPhase section */

/* Begin PBXGroup section */
		1371E5B51C639AF600B99829 = {
			isa = PBXGroup;
			children = (
				1371E5C01C639AF600B99829 /* foody */,
				1371E5BF1C639AF600B99829 /* Products */,
			);
			sourceTree = "<group>";
		};
		1371E5BF1C639AF600B99829 /* Products */ = {
			isa = PBXGroup;
			children = (
				1371E5BE1C639AF600B99829 /* foody.app */,
			);
			name = Products;
			sourceTree = "<group>";
		};
		1371E5C01C639AF600B99829 /* foody */ = {
			isa = PBXGroup;
			children = (
				DD89B98B1C79BE5100A208AE /* sks */,
				DD89B98A1C79BE4300A208AE /* swift */,
				DD89B9801C79BE1E00A208AE /* ressources */,
				1371E5C71C639AF600B99829 /* Assets.xcassets */,
				1371E5C91C639AF600B99829 /* MainMenu.xib */,
				1371E5CC1C639AF600B99829 /* Info.plist */,
			);
			path = foody;
			sourceTree = "<group>";
		};
		1371E5D21C63A1CF00B99829 /* img */ = {
			isa = PBXGroup;
			children = (
				1371E5D71C63A4AF00B99829 /* pug_up.png */,
				132EC2851C762B9E005F3A2E /* dirt_ground.png */,
				1371E5D31C63A36B00B99829 /* bone.png */,
				13BF86991C6CDB0D00AC3605 /* trap.png */,
				13CC78861C761B8100C2FE27 /* button_play.png */,
				13CC78821C761A5200C2FE27 /* GameOver.png */,
				13CC78831C761A5200C2FE27 /* pug-life-funny-pictures.jpg */,
				137DF6231C6564D6004A20AD /* pug_right.png */,
				13CC78881C761BFD00C2FE27 /* button_quit.png */,
				137DF6251C6564DB004A20AD /* pug_left.png */,
				1371E5D91C63A93800B99829 /* wall.png */,
				1371E5D51C63A4A600B99829 /* pug_down.png */,
			);
			name = img;
			sourceTree = "<group>";
		};
		DD0B24C11C79F7D500C5293F /* appIcon */ = {
			isa = PBXGroup;
			children = (
				DD0B24C21C79F7E800C5293F /* @1x128x128_pug.png */,
				DD0B24C31C79F7E800C5293F /* @2x256x256_pug.png */,
				DD0B24C41C79F7E800C5293F /* @1x512x512_pug.png */,
				DD0B24C51C79F7E800C5293F /* @2x1024x1024_pug.png */,
				DD0B24C61C79F7E800C5293F /* @1x16x16_pug.png */,
				DD0B24C71C79F7E800C5293F /* @1x32x32_pug.png */,
				DD0B24C81C79F7E800C5293F /* @1x256x256_pug.png */,
				DD0B24C91C79F7E800C5293F /* @2x32x32_pug.png */,
				DD0B24CA1C79F7E800C5293F /* @2x64x64_pug.png */,
				DD0B24CB1C79F7E800C5293F /* @2x512x512_pug.png */,
			);
			name = appIcon;
			sourceTree = "<group>";
		};
		DD89B9801C79BE1E00A208AE /* ressources */ = {
			isa = PBXGroup;
			children = (
				DD0B24C11C79F7D500C5293F /* appIcon */,
				DD89B9811C79BE2E00A208AE /* son */,
				1371E5D21C63A1CF00B99829 /* img */,
			);
			name = ressources;
			sourceTree = "<group>";
		};
		DD89B9811C79BE2E00A208AE /* son */ = {
			isa = PBXGroup;
			children = (
				DD89B9821C79BE3D00A208AE /* GameSong.mp3 */,
				DD89B9831C79BE3D00A208AE /* Dog Howling At Moon.mp3 */,
				DD89B9841C79BE3D00A208AE /* Dog Woof.mp3 */,
				DD89B9851C79BE3D00A208AE /* Dog Whine.mp3 */,
			);
			name = son;
			sourceTree = "<group>";
		};
		DD89B98A1C79BE4300A208AE /* swift */ = {
			isa = PBXGroup;
			children = (
				1371E5C11C639AF600B99829 /* AppDelegate.swift */,
				13B759281C67EC6400799620 /* StartGame.swift */,
				1371E5C31C639AF600B99829 /* GameScene.swift */,
				13CC788A1C7620A800C2FE27 /* GameOver.swift */,
				1337F5571C733CB6000500A8 /* User.swift */,
				DD89B98C1C79C2B600A208AE /* Enemy.swift */,
				DD89B98E1C79D2C100A208AE /* Wall.swift */,
				DD89B9921C79D5DF00A208AE /* Food.swift */,
			);
			name = swift;
			sourceTree = "<group>";
		};
		DD89B98B1C79BE5100A208AE /* sks */ = {
			isa = PBXGroup;
			children = (
				1371E5C51C639AF600B99829 /* GameScene.sks */,
				13B759261C67EB8B00799620 /* StartGame.sks */,
				13CC787E1C76127400C2FE27 /* GameOver.sks */,
			);
			name = sks;
			sourceTree = "<group>";
		};
/* End PBXGroup section */

/* Begin PBXNativeTarget section */
		1371E5BD1C639AF600B99829 /* foody */ = {
			isa = PBXNativeTarget;
			buildConfigurationList = 1371E5CF1C639AF600B99829 /* Build configuration list for PBXNativeTarget "foody" */;
			buildPhases = (
				1371E5BA1C639AF600B99829 /* Sources */,
				1371E5BB1C639AF600B99829 /* Frameworks */,
				1371E5BC1C639AF600B99829 /* Resources */,
			);
			buildRules = (
			);
			dependencies = (
			);
			name = foody;
			productName = foody;
			productReference = 1371E5BE1C639AF600B99829 /* foody.app */;
			productType = "com.apple.product-type.application";
		};
/* End PBXNativeTarget section */

/* Begin PBXProject section */
		1371E5B61C639AF600B99829 /* Project object */ = {
			isa = PBXProject;
			attributes = {
				LastSwiftUpdateCheck = 0720;
				LastUpgradeCheck = 0720;
				ORGANIZATIONNAME = "Jonas Kucharz";
				TargetAttributes = {
					1371E5BD1C639AF600B99829 = {
						CreatedOnToolsVersion = 7.2;
					};
				};
			};
			buildConfigurationList = 1371E5B91C639AF600B99829 /* Build configuration list for PBXProject "foody" */;
			compatibilityVersion = "Xcode 3.2";
			developmentRegion = English;
			hasScannedForEncodings = 0;
			knownRegions = (
				en,
				Base,
			);
			mainGroup = 1371E5B51C639AF600B99829;
			productRefGroup = 1371E5BF1C639AF600B99829 /* Products */;
			projectDirPath = "";
			projectRoot = "";
			targets = (
				1371E5BD1C639AF600B99829 /* foody */,
			);
		};
/* End PBXProject section */

/* Begin PBXResourcesBuildPhase section */
		1371E5BC1C639AF600B99829 /* Resources */ = {
			isa = PBXResourcesBuildPhase;
			buildActionMask = 2147483647;
			files = (
				DD0B24CD1C79F7E800C5293F /* @2x256x256_pug.png in Resources */,
				DD0B24CE1C79F7E800C5293F /* @1x512x512_pug.png in Resources */,
				DD0B24D11C79F7E800C5293F /* @1x32x32_pug.png in Resources */,
				DD89B9891C79BE3D00A208AE /* Dog Whine.mp3 in Resources */,
				137DF6261C6564DB004A20AD /* pug_left.png in Resources */,
				DD0B24D31C79F7E800C5293F /* @2x32x32_pug.png in Resources */,
				13BF869A1C6CDB0D00AC3605 /* trap.png in Resources */,
				1371E5D41C63A36B00B99829 /* bone.png in Resources */,
				13CC78841C761A5200C2FE27 /* GameOver.png in Resources */,
				132EC2861C762B9E005F3A2E /* dirt_ground.png in Resources */,
				137DF6241C6564D6004A20AD /* pug_right.png in Resources */,
				1371E5D81C63A4AF00B99829 /* pug_up.png in Resources */,
				DD0B24D21C79F7E800C5293F /* @1x256x256_pug.png in Resources */,
				DD0B24CF1C79F7E800C5293F /* @2x1024x1024_pug.png in Resources */,
				13B759271C67EB8B00799620 /* StartGame.sks in Resources */,
				13CC787F1C76127400C2FE27 /* GameOver.sks in Resources */,
				1371E5C81C639AF600B99829 /* Assets.xcassets in Resources */,
				DD89B9881C79BE3D00A208AE /* Dog Woof.mp3 in Resources */,
				13CC78871C761B8100C2FE27 /* button_play.png in Resources */,
				1371E5C61C639AF600B99829 /* GameScene.sks in Resources */,
				13CC78851C761A5200C2FE27 /* pug-life-funny-pictures.jpg in Resources */,
				DD0B24CC1C79F7E800C5293F /* @1x128x128_pug.png in Resources */,
				13CC78891C761BFD00C2FE27 /* button_quit.png in Resources */,
				1371E5CB1C639AF600B99829 /* MainMenu.xib in Resources */,
				DD0B24D51C79F7E800C5293F /* @2x512x512_pug.png in Resources */,
				DD0B24D41C79F7E800C5293F /* @2x64x64_pug.png in Resources */,
				1371E5D61C63A4A600B99829 /* pug_down.png in Resources */,
				DD89B9871C79BE3D00A208AE /* Dog Howling At Moon.mp3 in Resources */,
				DD0B24D01C79F7E800C5293F /* @1x16x16_pug.png in Resources */,
				1371E5DA1C63A93800B99829 /* wall.png in Resources */,
				DD89B9861C79BE3D00A208AE /* GameSong.mp3 in Resources */,
			);
			runOnlyForDeploymentPostprocessing = 0;
		};
/* End PBXResourcesBuildPhase section */

/* Begin PBXSourcesBuildPhase section */
		1371E5BA1C639AF600B99829 /* Sources */ = {
			isa = PBXSourcesBuildPhase;
			buildActionMask = 2147483647;
			files = (
				1337F5581C733CB6000500A8 /* User.swift in Sources */,
				1371E5C41C639AF600B99829 /* GameScene.swift in Sources */,
				DD89B98F1C79D2C100A208AE /* Wall.swift in Sources */,
				DD89B98D1C79C2B600A208AE /* Enemy.swift in Sources */,
				13B759291C67EC6400799620 /* StartGame.swift in Sources */,
				DD89B9931C79D5DF00A208AE /* Food.swift in Sources */,
				13CC788B1C7620A800C2FE27 /* GameOver.swift in Sources */,
				1371E5C21C639AF600B99829 /* AppDelegate.swift in Sources */,
			);
			runOnlyForDeploymentPostprocessing = 0;
		};
/* End PBXSourcesBuildPhase section */

/* Begin PBXVariantGroup section */
		1371E5C91C639AF600B99829 /* MainMenu.xib */ = {
			isa = PBXVariantGroup;
			children = (
				1371E5CA1C639AF600B99829 /* Base */,
			);
			name = MainMenu.xib;
			sourceTree = "<group>";
		};
/* End PBXVariantGroup section */

/* Begin XCBuildConfiguration section */
		1371E5CD1C639AF600B99829 /* Debug */ = {
			isa = XCBuildConfiguration;
			buildSettings = {
				ALWAYS_SEARCH_USER_PATHS = NO;
				CLANG_CXX_LANGUAGE_STANDARD = "gnu++0x";
				CLANG_CXX_LIBRARY = "libc++";
				CLANG_ENABLE_MODULES = YES;
				CLANG_ENABLE_OBJC_ARC = YES;
				CLANG_WARN_BOOL_CONVERSION = YES;
				CLANG_WARN_CONSTANT_CONVERSION = YES;
				CLANG_WARN_DIRECT_OBJC_ISA_USAGE = YES_ERROR;
				CLANG_WARN_EMPTY_BODY = YES;
				CLANG_WARN_ENUM_CONVERSION = YES;
				CLANG_WARN_INT_CONVERSION = YES;
				CLANG_WARN_OBJC_ROOT_CLASS = YES_ERROR;
				CLANG_WARN_UNREACHABLE_CODE = YES;
				CLANG_WARN__DUPLICATE_METHOD_MATCH = YES;
				CODE_SIGN_IDENTITY = "-";
				COPY_PHASE_STRIP = NO;
				DEBUG_INFORMATION_FORMAT = "dwarf-with-dsym";
				ENABLE_STRICT_OBJC_MSGSEND = YES;
				ENABLE_TESTABILITY = YES;
				GCC_C_LANGUAGE_STANDARD = gnu99;
				GCC_DYNAMIC_NO_PIC = NO;
				GCC_NO_COMMON_BLOCKS = YES;
				GCC_OPTIMIZATION_LEVEL = 0;
				GCC_PREPROCESSOR_DEFINITIONS = (
					"DEBUG=1",
					"$(inherited)",
				);
				GCC_WARN_64_TO_32_BIT_CONVERSION = YES;
				GCC_WARN_ABOUT_RETURN_TYPE = YES_ERROR;
				GCC_WARN_UNDECLARED_SELECTOR = YES;
				GCC_WARN_UNINITIALIZED_AUTOS = YES_AGGRESSIVE;
				GCC_WARN_UNUSED_FUNCTION = YES;
				GCC_WARN_UNUSED_VARIABLE = YES;
				MACOSX_DEPLOYMENT_TARGET = 10.11;
				MTL_ENABLE_DEBUG_INFO = YES;
				ONLY_ACTIVE_ARCH = YES;
				SDKROOT = macosx;
				SWIFT_OPTIMIZATION_LEVEL = "-Onone";
			};
			name = Debug;
		};
		1371E5CE1C639AF600B99829 /* Release */ = {
			isa = XCBuildConfiguration;
			buildSettings = {
				ALWAYS_SEARCH_USER_PATHS = NO;
				CLANG_CXX_LANGUAGE_STANDARD = "gnu++0x";
				CLANG_CXX_LIBRARY = "libc++";
				CLANG_ENABLE_MODULES = YES;
				CLANG_ENABLE_OBJC_ARC = YES;
				CLANG_WARN_BOOL_CONVERSION = YES;
				CLANG_WARN_CONSTANT_CONVERSION = YES;
				CLANG_WARN_DIRECT_OBJC_ISA_USAGE = YES_ERROR;
				CLANG_WARN_EMPTY_BODY = YES;
				CLANG_WARN_ENUM_CONVERSION = YES;
				CLANG_WARN_INT_CONVERSION = YES;
				CLANG_WARN_OBJC_ROOT_CLASS = YES_ERROR;
				CLANG_WARN_UNREACHABLE_CODE = YES;
				CLANG_WARN__DUPLICATE_METHOD_MATCH = YES;
				CODE_SIGN_IDENTITY = "-";
				COPY_PHASE_STRIP = NO;
				DEBUG_INFORMATION_FORMAT = "dwarf-with-dsym";
				ENABLE_NS_ASSERTIONS = NO;
				ENABLE_STRICT_OBJC_MSGSEND = YES;
				GCC_C_LANGUAGE_STANDARD = gnu99;
				GCC_NO_COMMON_BLOCKS = YES;
				GCC_WARN_64_TO_32_BIT_CONVERSION = YES;
				GCC_WARN_ABOUT_RETURN_TYPE = YES_ERROR;
				GCC_WARN_UNDECLARED_SELECTOR = YES;
				GCC_WARN_UNINITIALIZED_AUTOS = YES_AGGRESSIVE;
				GCC_WARN_UNUSED_FUNCTION = YES;
				GCC_WARN_UNUSED_VARIABLE = YES;
				MACOSX_DEPLOYMENT_TARGET = 10.11;
				MTL_ENABLE_DEBUG_INFO = NO;
				SDKROOT = macosx;
			};
			name = Release;
		};
		1371E5D01C639AF600B99829 /* Debug */ = {
			isa = XCBuildConfiguration;
			buildSettings = {
				ASSETCATALOG_COMPILER_APPICON_NAME = AppIcon;
				COMBINE_HIDPI_IMAGES = YES;
				INFOPLIST_FILE = foody/Info.plist;
				LD_RUNPATH_SEARCH_PATHS = "$(inherited) @executable_path/../Frameworks";
				PRODUCT_BUNDLE_IDENTIFIER = "fr.univ-paris-diderot.foody";
				PRODUCT_NAME = "$(TARGET_NAME)";
			};
			name = Debug;
		};
		1371E5D11C639AF600B99829 /* Release */ = {
			isa = XCBuildConfiguration;
			buildSettings = {
				ASSETCATALOG_COMPILER_APPICON_NAME = AppIcon;
				COMBINE_HIDPI_IMAGES = YES;
				INFOPLIST_FILE = foody/Info.plist;
				LD_RUNPATH_SEARCH_PATHS = "$(inherited) @executable_path/../Frameworks";
				PRODUCT_BUNDLE_IDENTIFIER = "fr.univ-paris-diderot.foody";
				PRODUCT_NAME = "$(TARGET_NAME)";
			};
			name = Release;
		};
/* End XCBuildConfiguration section */

/* Begin XCConfigurationList section */
		1371E5B91C639AF600B99829 /* Build configuration list for PBXProject "foody" */ = {
			isa = XCConfigurationList;
			buildConfigurations = (
				1371E5CD1C639AF600B99829 /* Debug */,
				1371E5CE1C639AF600B99829 /* Release */,
			);
			defaultConfigurationIsVisible = 0;
			defaultConfigurationName = Release;
		};
		1371E5CF1C639AF600B99829 /* Build configuration list for PBXNativeTarget "foody" */ = {
			isa = XCConfigurationList;
			buildConfigurations = (
				1371E5D01C639AF600B99829 /* Debug */,
				1371E5D11C639AF600B99829 /* Release */,
			);
			defaultConfigurationIsVisible = 0;
			defaultConfigurationName = Release;
		};
/* End XCConfigurationList section */
	};
	rootObject = 1371E5B61C639AF600B99829 /* Project object */;
}
